// !$*UTF8*$!
{
	archiveVersion = 1;
	classes = {
	};
	objectVersion = 46;
	objects = {

/* Begin PBXBuildFile section */
		105597A41BDFF9F200B93A65 /* AppDelegate.swift in Sources */ = {isa = PBXBuildFile; fileRef = 105597A31BDFF9F200B93A65 /* AppDelegate.swift */; };
		105597AB1BDFF9F200B93A65 /* Assets.xcassets in Resources */ = {isa = PBXBuildFile; fileRef = 105597AA1BDFF9F200B93A65 /* Assets.xcassets */; };
/* End PBXBuildFile section */

/* Begin PBXFileReference section */
		105597A01BDFF9F200B93A65 /* MuyTec.app */ = {isa = PBXFileReference; explicitFileType = wrapper.application; includeInIndex = 0; path = MuyTec.app; sourceTree = BUILT_PRODUCTS_DIR; };
		105597A31BDFF9F200B93A65 /* AppDelegate.swift */ = {isa = PBXFileReference; lastKnownFileType = sourcecode.swift; path = AppDelegate.swift; sourceTree = "<group>"; };
		105597AA1BDFF9F200B93A65 /* Assets.xcassets */ = {isa = PBXFileReference; lastKnownFileType = folder.assetcatalog; path = Assets.xcassets; sourceTree = "<group>"; };
		105597AC1BDFF9F200B93A65 /* Info.plist */ = {isa = PBXFileReference; lastKnownFileType = text.plist.xml; path = Info.plist; sourceTree = "<group>"; };
/* End PBXFileReference section */

/* Begin PBXFrameworksBuildPhase section */
		1055979D1BDFF9F200B93A65 /* Frameworks */ = {
			isa = PBXFrameworksBuildPhase;
			buildActionMask = 2147483647;
			files = (
			);
			runOnlyForDeploymentPostprocessing = 0;
		};
/* End PBXFrameworksBuildPhase section */

/* Begin PBXGroup section */
		105597971BDFF9F200B93A65 = {
			isa = PBXGroup;
			children = (
				105597A21BDFF9F200B93A65 /* MuyTec */,
				105597A11BDFF9F200B93A65 /* Products */,
			);
			sourceTree = "<group>";
		};
		105597A11BDFF9F200B93A65 /* Products */ = {
			isa = PBXGroup;
			children = (
				105597A01BDFF9F200B93A65 /* MuyTec.app */,
			);
			name = Products;
			sourceTree = "<group>";
		};
		105597A21BDFF9F200B93A65 /* MuyTec */ = {
			isa = PBXGroup;
			children = (
				105597A31BDFF9F200B93A65 /* AppDelegate.swift */,
				105597AA1BDFF9F200B93A65 /* Assets.xcassets */,
				105597AC1BDFF9F200B93A65 /* Info.plist */,
			);
			path = MuyTec;
			sourceTree = "<group>";
		};
/* End PBXGroup section */

/* Begin PBXNativeTarget section */
		1055979F1BDFF9F200B93A65 /* MuyTec */ = {
			isa = PBXNativeTarget;
			buildConfigurationList = 105597AF1BDFF9F200B93A65 /* Build configuration list for PBXNativeTarget "MuyTec" */;
			buildPhases = (
				1055979C1BDFF9F200B93A65 /* Sources */,
				1055979D1BDFF9F200B93A65 /* Frameworks */,
				1055979E1BDFF9F200B93A65 /* Resources */,
			);
			buildRules = (
			);
			dependencies = (
			);
			name = MuyTec;
			productName = MuyTec;
			productReference = 105597A01BDFF9F200B93A65 /* MuyTec.app */;
			productType = "com.apple.product-type.application";
		};
/* End PBXNativeTarget section */

/* Begin PBXProject section */
		105597981BDFF9F200B93A65 /* Project object */ = {
			isa = PBXProject;
			attributes = {
				LastSwiftUpdateCheck = 0710;
				LastUpgradeCheck = 0710;
				ORGANIZATIONNAME = "Efrain Ayllon";
				TargetAttributes = {
					1055979F1BDFF9F200B93A65 = {
						CreatedOnToolsVersion = 7.1;
						DevelopmentTeam = 3V8KXS5ZB4;
					};
				};
			};
			buildConfigurationList = 1055979B1BDFF9F200B93A65 /* Build configuration list for PBXProject "MuyTec" */;
			compatibilityVersion = "Xcode 3.2";
			developmentRegion = English;
			hasScannedForEncodings = 0;
			knownRegions = (
				en,
				Base,
			);
			mainGroup = 105597971BDFF9F200B93A65;
			productRefGroup = 105597A11BDFF9F200B93A65 /* Products */;
			projectDirPath = "";
			projectRoot = "";
			targets = (
				1055979F1BDFF9F200B93A65 /* MuyTec */,
			);
		};
/* End PBXProject section */

/* Begin PBXResourcesBuildPhase section */
		1055979E1BDFF9F200B93A65 /* Resources */ = {
			isa = PBXResourcesBuildPhase;
			buildActionMask = 2147483647;
			files = (
				105597AB1BDFF9F200B93A65 /* Assets.xcassets in Resources */,
			);
			runOnlyForDeploymentPostprocessing = 0;
		};
/* End PBXResourcesBuildPhase section */

/* Begin PBXSourcesBuildPhase section */
		1055979C1BDFF9F200B93A65 /* Sources */ = {
			isa = PBXSourcesBuildPhase;
			buildActionMask = 2147483647;
			files = (
				105597A41BDFF9F200B93A65 /* AppDelegate.swift in Sources */,
			);
			runOnlyForDeploymentPostprocessing = 0;
		};
/* End PBXSourcesBuildPhase section */

/* Begin XCBuildConfiguration section */
		105597AD1BDFF9F200B93A65 /* Debug */ = {
			isa = XCBuildConfiguration;
			buildSettings = {
				ALWAYS_SEARCH_USER_PATHS = NO;
				CLANG_CXX_LANGUAGE_STANDARD = "gnu++0x";
				CLANG_CXX_LIBRARY = "libc++";
				CLANG_ENABLE_MODULES = YES;
				CLANG_ENABLE_OBJC_ARC = YES;
				CLANG_WARN_BOOL_CONVERSION = YES;
				CLANG_WARN_CONSTANT_CONVERSION = YES;
				CLANG_WARN_DIRECT_OBJC_ISA_USAGE = YES_ERROR;
				CLANG_WARN_EMPTY_BODY = YES;
				CLANG_WARN_ENUM_CONVERSION = YES;
				CLANG_WARN_INT_CONVERSION = YES;
				CLANG_WARN_OBJC_ROOT_CLASS = YES_ERROR;
				CLANG_WARN_UNREACHABLE_CODE = YES;
				CLANG_WARN__DUPLICATE_METHOD_MATCH = YES;
				COPY_PHASE_STRIP = NO;
				DEBUG_INFORMATION_FORMAT = dwarf;
				ENABLE_STRICT_OBJC_MSGSEND = YES;
				ENABLE_TESTABILITY = YES;
				GCC_C_LANGUAGE_STANDARD = gnu99;
				GCC_DYNAMIC_NO_PIC = NO;
				GCC_NO_COMMON_BLOCKS = YES;
				GCC_OPTIMIZATION_LEVEL = 0;
				GCC_PREPROCESSOR_DEFINITIONS = (
					"DEBUG=1",
					"$(inherited)",
				);
				GCC_WARN_64_TO_32_BIT_CONVERSION = YES;
				GCC_WARN_ABOUT_RETURN_TYPE = YES_ERROR;
				GCC_WARN_UNDECLARED_SELECTOR = YES;
				GCC_WARN_UNINITIALIZED_AUTOS = YES_AGGRESSIVE;
				GCC_WARN_UNUSED_FUNCTION = YES;
				GCC_WARN_UNUSED_VARIABLE = YES;
				MTL_ENABLE_DEBUG_INFO = YES;
				ONLY_ACTIVE_ARCH = YES;
				SDKROOT = appletvos;
				SWIFT_OPTIMIZATION_LEVEL = "-Onone";
				TARGETED_DEVICE_FAMILY = 3;
				TVOS_DEPLOYMENT_TARGET = 9.0;
			};
			name = Debug;
		};
		105597AE1BDFF9F200B93A65 /* Release */ = {
			isa = XCBuildConfiguration;
			buildSettings = {
				ALWAYS_SEARCH_USER_PATHS = NO;
				CLANG_CXX_LANGUAGE_STANDARD = "gnu++0x";
				CLANG_CXX_LIBRARY = "libc++";
				CLANG_ENABLE_MODULES = YES;
				CLANG_ENABLE_OBJC_ARC = YES;
				CLANG_WARN_BOOL_CONVERSION = YES;
				CLANG_WARN_CONSTANT_CONVERSION = YES;
				CLANG_WARN_DIRECT_OBJC_ISA_USAGE = YES_ERROR;
				CLANG_WARN_EMPTY_BODY = YES;
				CLANG_WARN_ENUM_CONVERSION = YES;
				CLANG_WARN_INT_CONVERSION = YES;
				CLANG_WARN_OBJC_ROOT_CLASS = YES_ERROR;
				CLANG_WARN_UNREACHABLE_CODE = YES;
				CLANG_WARN__DUPLICATE_METHOD_MATCH = YES;
				COPY_PHASE_STRIP = NO;
				DEBUG_INFORMATION_FORMAT = "dwarf-with-dsym";
				ENABLE_NS_ASSERTIONS = NO;
				ENABLE_STRICT_OBJC_MSGSEND = YES;
				GCC_C_LANGUAGE_STANDARD = gnu99;
				GCC_NO_COMMON_BLOCKS = YES;
				GCC_WARN_64_TO_32_BIT_CONVERSION = YES;
				GCC_WARN_ABOUT_RETURN_TYPE = YES_ERROR;
				GCC_WARN_UNDECLARED_SELECTOR = YES;
				GCC_WARN_UNINITIALIZED_AUTOS = YES_AGGRESSIVE;
				GCC_WARN_UNUSED_FUNCTION = YES;
				GCC_WARN_UNUSED_VARIABLE = YES;
				MTL_ENABLE_DEBUG_INFO = NO;
				SDKROOT = appletvos;
				TARGETED_DEVICE_FAMILY = 3;
				TVOS_DEPLOYMENT_TARGET = 9.0;
				VALIDATE_PRODUCT = YES;
			};
			name = Release;
		};
		105597B01BDFF9F200B93A65 /* Debug */ = {
			isa = XCBuildConfiguration;
			buildSettings = {
				ASSETCATALOG_COMPILER_APPICON_NAME = "App Icon & Top Shelf Image";
				ASSETCATALOG_COMPILER_LAUNCHIMAGE_NAME = LaunchImage;
				CODE_SIGN_IDENTITY = "iPhone Developer";
				INFOPLIST_FILE = MuyTec/Info.plist;
				LD_RUNPATH_SEARCH_PATHS = "$(inherited) @executable_path/Frameworks";
				PRODUCT_BUNDLE_IDENTIFIER = com.earoa.MuyTec;
				PRODUCT_NAME = "$(TARGET_NAME)";
			};
			name = Debug;
		};
		105597B11BDFF9F200B93A65 /* Release */ = {
			isa = XCBuildConfiguration;
			buildSettings = {
				ASSETCATALOG_COMPILER_APPICON_NAME = "App Icon & Top Shelf Image";
				ASSETCATALOG_COMPILER_LAUNCHIMAGE_NAME = LaunchImage;
				CODE_SIGN_IDENTITY = "iPhone Developer";
				INFOPLIST_FILE = MuyTec/Info.plist;
				LD_RUNPATH_SEARCH_PATHS = "$(inherited) @executable_path/Frameworks";
				PRODUCT_BUNDLE_IDENTIFIER = com.earoa.MuyTec;
				PRODUCT_NAME = "$(TARGET_NAME)";
			};
			name = Release;
		};
/* End XCBuildConfiguration section */

/* Begin XCConfigurationList section */
		1055979B1BDFF9F200B93A65 /* Build configuration list for PBXProject "MuyTec" */ = {
			isa = XCConfigurationList;
			buildConfigurations = (
				105597AD1BDFF9F200B93A65 /* Debug */,
				105597AE1BDFF9F200B93A65 /* Release */,
			);
			defaultConfigurationIsVisible = 0;
			defaultConfigurationName = Release;
		};
		105597AF1BDFF9F200B93A65 /* Build configuration list for PBXNativeTarget "MuyTec" */ = {
			isa = XCConfigurationList;
			buildConfigurations = (
				105597B01BDFF9F200B93A65 /* Debug */,
				105597B11BDFF9F200B93A65 /* Release */,
			);
			defaultConfigurationIsVisible = 0;
		};
/* End XCConfigurationList section */
	};
	rootObject = 105597981BDFF9F200B93A65 /* Project object */;
}
